{
  "name": "@wangyao1994/cli-test-1",
  "version": "1.0.0",
  "lockfileVersion": 3,
  "requires": true,
  "packages": {
    "": {
      "name": "@wangyao1994/cli-test-1",
      "version": "1.0.0",
      "license": "ISC",
      "dependencies": {
        "@wangyao1994/cli-test-2": "^1.0.1"
      },
      "bin": {
        "cli-demo-1": "bin/index.js"
      }
    },
    "../cli-test-2": {
      "version": "1.0.0",
      "extraneous": true,
      "license": "ISC"
    },
    "node_modules/@wangyao1994/cli-test-2": {
      "version": "1.0.1",
      "resolved": "https://registry.npmjs.org/@wangyao1994/cli-test-2/-/cli-test-2-1.0.1.tgz",
      "integrity": "sha512-4ulqJGpvRtaInPpXIIlWgskRKpoR0UjN+HPMP9UkqqhZsfP2h1odUFnAvAe5O0bERg11L0wQ53N9YYKTsEREtg=="
    }
  }
}
